{
  "nodes": {
    "agent-source": {
      "flake": false,
      "locked": {
        "lastModified": 1783204558,
        "narHash": "sha256-XWR20NCjEYwyHleGgTgYeY7gXC3A7atNxkiYeWFW4NM=",
        "owner": "LiGoldragon",
        "repo": "agent",
        "rev": "344188d207822b250b464f667a57d1ce5ef4a95a",
        "type": "github"
      },
      "original": {
        "owner": "LiGoldragon",
        "repo": "agent",
        "type": "github"
      }
    },
    "crane": {
      "locked": {
        "lastModified": 1780532242,
        "narHash": "sha256-D+BsdpxmtUwtqGoY0IXPhHgTlmqgcZKCEo1oMyn7ep0=",
        "owner": "ipetkov",
        "repo": "crane",
        "rev": "59a82a1222dd3b2080b5cc52a1a2e8d5f1b77f37",
        "type": "github"
      },
      "original": {
        "owner": "ipetkov",
        "repo": "crane",
        "type": "github"
      }
    },
    "criome-source": {
      "flake": false,
      "locked": {
        "lastModified": 1782569836,
        "narHash": "sha256-nhMLwxssTfsov3T6lvL/gKAlpghBRC6B++3hW7z7G2s=",
        "ref": "main",
        "rev": "6b6683da14600441338c2b1db206facf6f5d97d8",
        "revCount": 140,
        "type": "git",
        "url": "https://github.com/LiGoldragon/criome.git"
      },
      "original": {
        "ref": "main",
        "type": "git",
        "url": "https://github.com/LiGoldragon/criome.git"
      }
    },
    "fenix": {
      "inputs": {
        "nixpkgs": [
          "rust-build",
          "nixpkgs"
        ],
        "rust-analyzer-src": "rust-analyzer-src"
      },
      "locked": {
        "lastModified": 1781901863,
        "narHash": "sha256-B3GatmIZGQCnJkYoes3a5OqsMNexf0PO3fpeDJDZND4=",
        "owner": "nix-community",
        "repo": "fenix",
        "rev": "6914a98b7864cb3ef33cb0a2581f8aed3d354e48",
        "type": "github"
      },
      "original": {
        "owner": "nix-community",
        "repo": "fenix",
        "type": "github"
      }
    },
    "flake-utils": {
      "inputs": {
        "systems": "systems"
      },
      "locked": {
        "lastModified": 1731533236,
        "narHash": "sha256-l0KFg5HjrsfsO/JpG+r7fRrqm12kzFHyUHqHCVpMMbI=",
        "owner": "numtide",
        "repo": "flake-utils",
        "rev": "11707dc2f618dd54ca8739b309ec4fc024de578b",
        "type": "github"
      },
      "original": {
        "owner": "numtide",
        "repo": "flake-utils",
        "type": "github"
      }
    },
    "flake-utils_2": {
      "inputs": {
        "systems": "systems_2"
      },
      "locked": {
        "lastModified": 1731533236,
        "narHash": "sha256-l0KFg5HjrsfsO/JpG+r7fRrqm12kzFHyUHqHCVpMMbI=",
        "owner": "numtide",
        "repo": "flake-utils",
        "rev": "11707dc2f618dd54ca8739b309ec4fc024de578b",
        "type": "github"
      },
      "original": {
        "owner": "numtide",
        "repo": "flake-utils",
        "type": "github"
      }
    },
    "kameo-source": {
      "flake": false,
      "locked": {
        "lastModified": 1781859599,
        "narHash": "sha256-yEide3elYr0mtRUStsD3AlOwdl/sKWtslj3vBp8VzVE=",
        "owner": "LiGoldragon",
        "repo": "kameo",
        "rev": "f491b45d7dcb55e5837eddde3d5d7ca8ceaa9f01",
        "type": "github"
      },
      "original": {
        "owner": "LiGoldragon",
        "repo": "kameo",
        "type": "github"
      }
    },
    "meta-signal-agent-source": {
      "flake": false,
      "locked": {
        "lastModified": 1783203884,
        "narHash": "sha256-gAQPDzOn1Ylmi7/i0SGxFQhudprVOufjlaQZTMNudwo=",
        "owner": "LiGoldragon",
        "repo": "meta-signal-agent",
        "rev": "c47339b206195e58d43382df8aac904e271dfc16",
        "type": "github"
      },
      "original": {
        "owner": "LiGoldragon",
        "repo": "meta-signal-agent",
        "type": "github"
      }
    },
    "meta-signal-criome-source": {
      "flake": false,
      "locked": {
        "lastModified": 1782517750,
        "narHash": "sha256-rKxHXNeDNvOiC0UlR7uQTj10hIpLhjwBspGQL0j229A=",
        "ref": "main",
        "rev": "4814625aa23dcb0e3cee19580914ccc1a3b4aadc",
        "revCount": 16,
        "type": "git",
        "url": "https://github.com/LiGoldragon/meta-signal-criome.git"
      },
      "original": {
        "ref": "main",
        "type": "git",
        "url": "https://github.com/LiGoldragon/meta-signal-criome.git"
      }
    },
    "meta-signal-mirror-source": {
      "flake": false,
      "locked": {
        "lastModified": 1783203960,
        "narHash": "sha256-rFFUB6nTN0Vplayyf3HNXeoja1c1WLw5mpeuCBmh7U4=",
        "owner": "LiGoldragon",
        "repo": "meta-signal-mirror",
        "rev": "9cef2086e590342684040036546c7b6b6a54e6ea",
        "type": "github"
      },
      "original": {
        "owner": "LiGoldragon",
        "repo": "meta-signal-mirror",
        "type": "github"
      }
    },
    "meta-signal-router-source": {
      "flake": false,
      "locked": {
        "lastModified": 1783203963,
        "narHash": "sha256-JvJzZuFg29LSMKrtAKsi0gp3dPSGzLvZNrawEZmQmVg=",
        "owner": "LiGoldragon",
        "repo": "meta-signal-router",
        "rev": "ba55f5aeae493dc49ac5bf948365cc4759e1112d",
        "type": "github"
      },
      "original": {
        "owner": "LiGoldragon",
        "repo": "meta-signal-router",
        "type": "github"
      }
    },
    "meta-signal-spirit-source": {
      "flake": false,
      "locked": {
        "lastModified": 1783093246,
        "narHash": "sha256-y6Q446sKCGyrWJBLf7jImw0YpebHdl7TvQMkmuH+Wms=",
        "owner": "LiGoldragon",
        "repo": "meta-signal-spirit",
        "rev": "b05464fd1c5c76ee4c3a06caf43eb5226fe8cbf9",
        "type": "github"
      },
      "original": {
        "owner": "LiGoldragon",
        "repo": "meta-signal-spirit",
        "type": "github"
      }
    },
    "mirror-source": {
      "flake": false,
      "locked": {
        "lastModified": 1783205103,
        "narHash": "sha256-Nu6wlJvt1JHsSC+zN85hbNzWmlRxdMKARRRio5PIrzw=",
        "owner": "LiGoldragon",
        "repo": "mirror",
        "rev": "1d152a6d98e88e99737f3d15a56091dacec54bd2",
        "type": "github"
      },
      "original": {
        "owner": "LiGoldragon",
        "repo": "mirror",
        "type": "github"
      }
    },
    "nixpkgs": {
      "locked": {
        "lastModified": 1779694939,
        "narHash": "sha256-Ly4j75O8ICaSQx3uxPnwk2x7PMF0XQvn5r0c3yBA7FI=",
        "owner": "NixOS",
        "repo": "nixpkgs",
        "rev": "f9d8b65950353691ab56561e7c73d2e1063d810b",
        "type": "github"
      },
      "original": {
        "owner": "NixOS",
        "ref": "nixpkgs-unstable",
        "repo": "nixpkgs",
        "type": "github"
      }
    },
    "nota-source": {
      "flake": false,
      "locked": {
        "lastModified": 1782838308,
        "narHash": "sha256-iJ2qwoFSnYkQlHGdHuJ3bYoWVW7Kwuo8bpTkqU6/yWg=",
        "owner": "LiGoldragon",
        "repo": "nota-next",
        "rev": "bea7e2840ac2cf3e384f07b5c10eeb0890cead25",
        "type": "github"
      },
      "original": {
        "owner": "LiGoldragon",
        "repo": "nota-next",
        "type": "github"
      }
    },
    "root": {
      "inputs": {
        "agent-source": "agent-source",
        "criome-source": "criome-source",
        "flake-utils": "flake-utils",
        "kameo-source": "kameo-source",
        "meta-signal-agent-source": "meta-signal-agent-source",
        "meta-signal-criome-source": "meta-signal-criome-source",
        "meta-signal-mirror-source": "meta-signal-mirror-source",
        "meta-signal-router-source": "meta-signal-router-source",
        "meta-signal-spirit-source": "meta-signal-spirit-source",
        "mirror-source": "mirror-source",
        "nixpkgs": "nixpkgs",
        "nota-source": "nota-source",
        "router-source": "router-source",
        "rust-build": "rust-build",
        "schema-rust-source": "schema-rust-source",
        "schema-source": "schema-source",
        "sema-engine-layout3-source": "sema-engine-layout3-source",
        "sema-engine-previous-source": "sema-engine-previous-source",
        "sema-engine-source": "sema-engine-source",
        "sema-source": "sema-source",
        "signal-agent-source": "signal-agent-source",
        "signal-criome-source": "signal-criome-source",
        "signal-frame-source": "signal-frame-source",
        "signal-harness-source": "signal-harness-source",
        "signal-introspect-source": "signal-introspect-source",
        "signal-message-source": "signal-message-source",
        "signal-mind-source": "signal-mind-source",
        "signal-mirror-source": "signal-mirror-source",
        "signal-persona-source": "signal-persona-source",
        "signal-router-source": "signal-router-source",
        "signal-sema-source": "signal-sema-source",
        "signal-spirit-source": "signal-spirit-source",
        "signal-standard-source": "signal-standard-source",
        "triad-runtime-source": "triad-runtime-source",
        "version-projection-source": "version-projection-source"
      }
    },
    "router-source": {
      "flake": false,
      "locked": {
        "lastModified": 1783206512,
        "narHash": "sha256-cPQdlW0hBWSe27eEfekYRt4D/LrrB+2ioCeuRlFC7k0=",
        "owner": "LiGoldragon",
        "repo": "router",
        "rev": "5f9ca4dc0eb1e7d1e2f62c5a376aa807cdb63955",
        "type": "github"
      },
      "original": {
        "owner": "LiGoldragon",
        "repo": "router",
        "type": "github"
      }
    },
    "rust-analyzer-src": {
      "flake": false,
      "locked": {
        "lastModified": 1781714865,
        "narHash": "sha256-NIhErKpfs4EUx8N4x8yNYG8/vTzKv9cQn5QmuQI83jM=",
        "owner": "rust-lang",
        "repo": "rust-analyzer",
        "rev": "abb1301c3c14a40645bb2588b1cc858fe374b527",
        "type": "github"
      },
      "original": {
        "owner": "rust-lang",
        "ref": "nightly",
        "repo": "rust-analyzer",
        "type": "github"
      }
    },
    "rust-build": {
      "inputs": {
        "crane": "crane",
        "fenix": "fenix",
        "flake-utils": "flake-utils_2",
        "nixpkgs": [
          "nixpkgs"
        ]
      },
      "locked": {
        "lastModified": 1781903243,
        "narHash": "sha256-QTLu7a0z7fnVwt4SUyTgUKnYEcUiQCtTDRGaXv4p3H4=",
        "owner": "LiGoldragon",
        "repo": "rust-build",
        "rev": "56d18735f2034d192f63d13d2701202fd2e18cf3",
        "type": "github"
      },
      "original": {
        "owner": "LiGoldragon",
        "repo": "rust-build",
        "type": "github"
      }
    },
    "schema-rust-source": {
      "flake": false,
      "locked": {
        "lastModified": 1782938483,
        "narHash": "sha256-nTHYctyCRho23Td5AAkzOAEUCT045scbLjR8f9gnm6Q=",
        "ref": "main",
        "rev": "6218fb64f98c909de1eaa5c35744bd48a97a6f87",
        "revCount": 207,
        "type": "git",
        "url": "https://github.com/LiGoldragon/schema-rust-next.git"
      },
      "original": {
        "ref": "main",
        "type": "git",
        "url": "https://github.com/LiGoldragon/schema-rust-next.git"
      }
    },
    "schema-source": {
      "flake": false,
      "locked": {
        "lastModified": 1782938373,
        "narHash": "sha256-QeqQVOd8JJAVabcE1n0vDxQfcMVNo6jGLryESvoyQhw=",
        "ref": "main",
        "rev": "9af2c546f10c9aec5fd6669592aed32f72077df2",
        "revCount": 161,
        "type": "git",
        "url": "https://github.com/LiGoldragon/schema-next.git"
      },
      "original": {
        "ref": "main",
        "type": "git",
        "url": "https://github.com/LiGoldragon/schema-next.git"
      }
    },
    "sema-engine-layout3-source": {
      "flake": false,
      "locked": {
        "lastModified": 1781293993,
        "narHash": "sha256-XSNblN9X6bbXw38dIMl7TzZ/U7PGGW+WfK/oY+XiWig=",
        "owner": "LiGoldragon",
        "repo": "sema-engine",
        "rev": "dbe29427d9a2c6c194909385485ad42b008048b8",
        "type": "github"
      },
      "original": {
        "owner": "LiGoldragon",
        "repo": "sema-engine",
        "rev": "dbe29427d9a2c6c194909385485ad42b008048b8",
        "type": "github"
      }
    },
    "sema-engine-previous-source": {
      "flake": false,
      "locked": {
        "lastModified": 1780882016,
        "narHash": "sha256-pwputlTmijhSOc761UopW+OUs/P86ybIk1O/L97sM+E=",
        "owner": "LiGoldragon",
        "repo": "sema-engine",
        "rev": "ebee6e44ba6ee4afcb26998007bcfd128641b54c",
        "type": "github"
      },
      "original": {
        "owner": "LiGoldragon",
        "repo": "sema-engine",
        "rev": "ebee6e44ba6ee4afcb26998007bcfd128641b54c",
        "type": "github"
      }
    },
    "sema-engine-source": {
      "flake": false,
      "locked": {
        "lastModified": 1782545374,
        "narHash": "sha256-FqYFlNu6ckqL+9M2hL7n5XH8365N6vwGudhc2CPxXOo=",
        "owner": "LiGoldragon",
        "repo": "sema-engine",
        "rev": "98ba507b9807d35d9d081529f3e52d1262c40b2e",
        "type": "github"
      },
      "original": {
        "owner": "LiGoldragon",
        "repo": "sema-engine",
        "type": "github"
      }
    },
    "sema-source": {
      "flake": false,
      "locked": {
        "lastModified": 1781904262,
        "narHash": "sha256-OGj16g54hPEY6hgrUt91/Pg7sg74Svg4c5t/OkmJxsg=",
        "owner": "LiGoldragon",
        "repo": "sema",
        "rev": "b13ed436e7a9af947d8cde03d0f5ff36e9e3d742",
        "type": "github"
      },
      "original": {
        "owner": "LiGoldragon",
        "repo": "sema",
        "type": "github"
      }
    },
    "signal-agent-source": {
      "flake": false,
      "locked": {
        "lastModified": 1783204089,
        "narHash": "sha256-BSJJFi4tyubnsWY70tNwbnf4s9SvUwyB1osG5+ytX84=",
        "owner": "LiGoldragon",
        "repo": "signal-agent",
        "rev": "b4873fba6cc9717765dfe4dc5bab5203ea031e56",
        "type": "github"
      },
      "original": {
        "owner": "LiGoldragon",
        "repo": "signal-agent",
        "type": "github"
      }
    },
    "signal-criome-source": {
      "flake": false,
      "locked": {
        "lastModified": 1782663839,
        "narHash": "sha256-tArxV+UkKTAGj3obbFKVeEpEdCjpNdeqouGKawbQzHQ=",
        "ref": "main",
        "rev": "5976b2870e0231742dc1a8bf4db17fd98f8f6b61",
        "revCount": 73,
        "type": "git",
        "url": "https://github.com/LiGoldragon/signal-criome.git"
      },
      "original": {
        "ref": "main",
        "type": "git",
        "url": "https://github.com/LiGoldragon/signal-criome.git"
      }
    },
    "signal-frame-source": {
      "flake": false,
      "locked": {
        "lastModified": 1782902723,
        "narHash": "sha256-OTJIJ2RLweo3IrTUBT3MDrDoBZ6MBs4C0T1dZR7tCto=",
        "ref": "main",
        "rev": "075b0d992dab071c5021842fb7fdfe0b98bfcd76",
        "revCount": 69,
        "type": "git",
        "url": "https://github.com/LiGoldragon/signal-frame.git"
      },
      "original": {
        "ref": "main",
        "type": "git",
        "url": "https://github.com/LiGoldragon/signal-frame.git"
      }
    },
    "signal-harness-source": {
      "flake": false,
      "locked": {
        "lastModified": 1783205164,
        "narHash": "sha256-MPyyVsALb+46sInxwh935i0p8kjc+xzvzbeb9icPLLs=",
        "owner": "LiGoldragon",
        "repo": "signal-harness",
        "rev": "55764d42ae9cdb4451e33da7395e59840b36b2fd",
        "type": "github"
      },
      "original": {
        "owner": "LiGoldragon",
        "repo": "signal-harness",
        "type": "github"
      }
    },
    "signal-introspect-source": {
      "flake": false,
      "locked": {
        "lastModified": 1783205200,
        "narHash": "sha256-Yhk/t3KcNETg50QB5wSIyc5Zj2GLKxoojqRg84W7qoU=",
        "owner": "LiGoldragon",
        "repo": "signal-introspect",
        "rev": "8e21781c45156811bbcdfbd3700e5f5b6978449d",
        "type": "github"
      },
      "original": {
        "owner": "LiGoldragon",
        "repo": "signal-introspect",
        "type": "github"
      }
    },
    "signal-message-source": {
      "flake": false,
      "locked": {
        "lastModified": 1783204267,
        "narHash": "sha256-GpO3HC+xT/n1qMGQburSx6z5BJDoq2X0lz7J8iTGmxg=",
        "owner": "LiGoldragon",
        "repo": "signal-message",
        "rev": "d16630469312c28071df5aa6feb5a862c9bbfe9d",
        "type": "github"
      },
      "original": {
        "owner": "LiGoldragon",
        "repo": "signal-message",
        "type": "github"
      }
    },
    "signal-mind-source": {
      "flake": false,
      "locked": {
        "lastModified": 1783205243,
        "narHash": "sha256-uHI0RrPSZQn4oWdZHdB3bj+DJrDZhLZf/R1T9E2Z+r4=",
        "owner": "LiGoldragon",
        "repo": "signal-mind",
        "rev": "176805378d778aee9e26854b66a7c17b0eb3a8b5",
        "type": "github"
      },
      "original": {
        "owner": "LiGoldragon",
        "repo": "signal-mind",
        "type": "github"
      }
    },
    "signal-mirror-source": {
      "flake": false,
      "locked": {
        "lastModified": 1783204302,
        "narHash": "sha256-u0vV5ssFM/fv//YbVfHEkuNpF7YaBEKL0RjJrwmFakU=",
        "owner": "LiGoldragon",
        "repo": "signal-mirror",
        "rev": "9a79af11ba00bd8083e2e7170af55bd7b078028b",
        "type": "github"
      },
      "original": {
        "owner": "LiGoldragon",
        "repo": "signal-mirror",
        "type": "github"
      }
    },
    "signal-persona-source": {
      "flake": false,
      "locked": {
        "lastModified": 1783204306,
        "narHash": "sha256-0K1GOe2K1Xj8KDC1ht8io/qcunS1pnFjIqi8Twv2FwY=",
        "owner": "LiGoldragon",
        "repo": "signal-persona",
        "rev": "1a4b232a99563f27245c38952457bedca4dfa66a",
        "type": "github"
      },
      "original": {
        "owner": "LiGoldragon",
        "repo": "signal-persona",
        "type": "github"
      }
    },
    "signal-router-source": {
      "flake": false,
      "locked": {
        "lastModified": 1783204342,
        "narHash": "sha256-tunwogmC7LuhmCl6U9Ka/SjQ9RPSM2Cqa1dGjfGZO5Q=",
        "owner": "LiGoldragon",
        "repo": "signal-router",
        "rev": "798d36aaa47f9fe5ef6138b69d7ccf761949a390",
        "type": "github"
      },
      "original": {
        "owner": "LiGoldragon",
        "repo": "signal-router",
        "type": "github"
      }
    },
    "signal-sema-source": {
      "flake": false,
      "locked": {
        "lastModified": 1783092342,
        "narHash": "sha256-1GJJciC2yQKtioz3b+UJbLc7h2xSHnhusrieBC6VrRo=",
        "owner": "LiGoldragon",
        "repo": "signal-sema",
        "rev": "cf95702f489e37fbc5a603cd58c2372672db8ddf",
        "type": "github"
      },
      "original": {
        "owner": "LiGoldragon",
        "repo": "signal-sema",
        "type": "github"
      }
    },
    "signal-spirit-source": {
      "flake": false,
      "locked": {
        "lastModified": 1783204376,
        "narHash": "sha256-VyvdToAQE8Nm7VXF4Fbk77ADeDgGJU+3uoQ9J/I0HL0=",
        "owner": "LiGoldragon",
        "repo": "signal-spirit",
        "rev": "c123651d04caac7bfde972ef5d48fb860b275431",
        "type": "github"
      },
      "original": {
        "owner": "LiGoldragon",
        "repo": "signal-spirit",
        "type": "github"
      }
    },
    "signal-standard-source": {
      "flake": false,
      "locked": {
        "lastModified": 1783204422,
        "narHash": "sha256-XnLZbh/vxQ1aLVA3czDbCL8ngU72hOgYOq2hZpHQNis=",
        "owner": "LiGoldragon",
        "repo": "signal-standard",
        "rev": "a4751ad0f2b3a931f8d1d07591f4d3fc2602c809",
        "type": "github"
      },
      "original": {
        "owner": "LiGoldragon",
        "repo": "signal-standard",
        "type": "github"
      }
    },
    "systems": {
      "locked": {
        "lastModified": 1681028828,
        "narHash": "sha256-Vy1rq5AaRuLzOxct8nz4T6wlgyUR7zLU309k9mBC768=",
        "owner": "nix-systems",
        "repo": "default",
        "rev": "da67096a3b9bf56a91d16901293e51ba5b49a27e",
        "type": "github"
      },
      "original": {
        "owner": "nix-systems",
        "repo": "default",
        "type": "github"
      }
    },
    "systems_2": {
      "locked": {
        "lastModified": 1681028828,
        "narHash": "sha256-Vy1rq5AaRuLzOxct8nz4T6wlgyUR7zLU309k9mBC768=",
        "owner": "nix-systems",
        "repo": "default",
        "rev": "da67096a3b9bf56a91d16901293e51ba5b49a27e",
        "type": "github"
      },
      "original": {
        "owner": "nix-systems",
        "repo": "default",
        "type": "github"
      }
    },
    "triad-runtime-source": {
      "flake": false,
      "locked": {
        "lastModified": 1782902749,
        "narHash": "sha256-l8D0c7uKQs6xnq9C09SkJOdKvDtTz9BgmoECg/xpQVo=",
        "ref": "main",
        "rev": "3d3207461bcbd39dd2505d0bb957b6fec30c98d9",
        "revCount": 46,
        "type": "git",
        "url": "https://github.com/LiGoldragon/triad-runtime.git"
      },
      "original": {
        "ref": "main",
        "type": "git",
        "url": "https://github.com/LiGoldragon/triad-runtime.git"
      }
    },
    "version-projection-source": {
      "flake": false,
      "locked": {
        "lastModified": 1783090992,
        "narHash": "sha256-ooYrjUCzhnV6jIplHQAkmVQ/QY7VQpJqOykJW4UP3f8=",
        "owner": "LiGoldragon",
        "repo": "version-projection",
        "rev": "f401ce1535afaaa1724ff181a177d1535606d336",
        "type": "github"
      },
      "original": {
        "owner": "LiGoldragon",
        "repo": "version-projection",
        "type": "github"
      }
    }
  },
  "root": "root",
  "version": 7
}
