{
  "nodes": {
    "agent-source": {
      "flake": false,
      "locked": {
        "lastModified": 1783378184,
        "narHash": "sha256-z0Y6pj/3LXHqLt68uOmKvw3Fy3F+3lg7Sp+dUMqMLqc=",
        "owner": "LiGoldragon",
        "repo": "agent",
        "rev": "16144c977e922f5b7da2004c2e32eb5b28cdbe45",
        "type": "github"
      },
      "original": {
        "owner": "LiGoldragon",
        "repo": "agent",
        "type": "github"
      }
    },
    "crane": {
      "locked": {
        "lastModified": 1780532242,
        "narHash": "sha256-D+BsdpxmtUwtqGoY0IXPhHgTlmqgcZKCEo1oMyn7ep0=",
        "owner": "ipetkov",
        "repo": "crane",
        "rev": "59a82a1222dd3b2080b5cc52a1a2e8d5f1b77f37",
        "type": "github"
      },
      "original": {
        "owner": "ipetkov",
        "repo": "crane",
        "type": "github"
      }
    },
    "criome-source": {
      "flake": false,
      "locked": {
        "lastModified": 1783438886,
        "narHash": "sha256-GfBCea4TkV9kNPhENtWFN7ouYR07sHbJHqs/AoGwE+E=",
        "owner": "LiGoldragon",
        "repo": "criome",
        "rev": "cc622682ad8c2fa2d47d31e7098b224e9596ec32",
        "type": "github"
      },
      "original": {
        "ref": "main",
        "type": "git",
        "url": "https://github.com/LiGoldragon/criome.git"
      }
    },
    "fenix": {
      "inputs": {
        "nixpkgs": [
          "rust-build",
          "nixpkgs"
        ],
        "rust-analyzer-src": "rust-analyzer-src"
      },
      "locked": {
        "lastModified": 1781901863,
        "narHash": "sha256-B3GatmIZGQCnJkYoes3a5OqsMNexf0PO3fpeDJDZND4=",
        "owner": "nix-community",
        "repo": "fenix",
        "rev": "6914a98b7864cb3ef33cb0a2581f8aed3d354e48",
        "type": "github"
      },
      "original": {
        "owner": "nix-community",
        "repo": "fenix",
        "type": "github"
      }
    },
    "flake-utils": {
      "inputs": {
        "systems": "systems"
      },
      "locked": {
        "lastModified": 1731533236,
        "narHash": "sha256-l0KFg5HjrsfsO/JpG+r7fRrqm12kzFHyUHqHCVpMMbI=",
        "owner": "numtide",
        "repo": "flake-utils",
        "rev": "11707dc2f618dd54ca8739b309ec4fc024de578b",
        "type": "github"
      },
      "original": {
        "owner": "numtide",
        "repo": "flake-utils",
        "type": "github"
      }
    },
    "flake-utils_2": {
      "inputs": {
        "systems": "systems_2"
      },
      "locked": {
        "lastModified": 1731533236,
        "narHash": "sha256-l0KFg5HjrsfsO/JpG+r7fRrqm12kzFHyUHqHCVpMMbI=",
        "owner": "numtide",
        "repo": "flake-utils",
        "rev": "11707dc2f618dd54ca8739b309ec4fc024de578b",
        "type": "github"
      },
      "original": {
        "owner": "numtide",
        "repo": "flake-utils",
        "type": "github"
      }
    },
    "kameo-source": {
      "flake": false,
      "locked": {
        "lastModified": 1781859599,
        "narHash": "sha256-yEide3elYr0mtRUStsD3AlOwdl/sKWtslj3vBp8VzVE=",
        "owner": "LiGoldragon",
        "repo": "kameo",
        "rev": "f491b45d7dcb55e5837eddde3d5d7ca8ceaa9f01",
        "type": "github"
      },
      "original": {
        "owner": "LiGoldragon",
        "repo": "kameo",
        "type": "github"
      }
    },
    "meta-signal-agent-source": {
      "flake": false,
      "locked": {
        "lastModified": 1783377743,
        "narHash": "sha256-ODJSI9Anr2bXyJa+iNiUShuVuIum123bec4Y82WvsOY=",
        "owner": "LiGoldragon",
        "repo": "meta-signal-agent",
        "rev": "ccde20811312915fc57ca3147ccd7577f2d8f991",
        "type": "github"
      },
      "original": {
        "owner": "LiGoldragon",
        "repo": "meta-signal-agent",
        "type": "github"
      }
    },
    "meta-signal-criome-source": {
      "flake": false,
      "locked": {
        "lastModified": 1783438213,
        "narHash": "sha256-YKjA4ByLQkRnDntMa10AdRAFNmlsiVg7AUp8vgXJd+M=",
        "owner": "LiGoldragon",
        "repo": "meta-signal-criome",
        "rev": "3157b5ab1754df7ac4b9b35f14b86555d037ef8e",
        "type": "github"
      },
      "original": {
        "ref": "main",
        "type": "git",
        "url": "https://github.com/LiGoldragon/meta-signal-criome.git"
      }
    },
    "meta-signal-mirror-source": {
      "flake": false,
      "locked": {
        "lastModified": 1783408823,
        "narHash": "sha256-g8f4D5JP/VTT/a7CsmrCxYfOY9qO1Mc3zaXBqHgtfGI=",
        "owner": "LiGoldragon",
        "repo": "meta-signal-mirror",
        "rev": "fa35a2ae4ac45535adc1c450a78dc311cb872db8",
        "type": "github"
      },
      "original": {
        "owner": "LiGoldragon",
        "repo": "meta-signal-mirror",
        "type": "github"
      }
    },
    "meta-signal-router-source": {
      "flake": false,
      "locked": {
        "lastModified": 1783441596,
        "narHash": "sha256-E0Q0BnJQeQdccVxm5Cf91KEU/u1CdVlmZTpkHQ4+QiM=",
        "owner": "LiGoldragon",
        "repo": "meta-signal-router",
        "rev": "3ad1727250afcf79e0c45df4b2e2d7c436ae4910",
        "type": "github"
      },
      "original": {
        "owner": "LiGoldragon",
        "repo": "meta-signal-router",
        "type": "github"
      }
    },
    "meta-signal-spirit-source": {
      "flake": false,
      "locked": {
        "lastModified": 1783540094,
        "narHash": "sha256-YIi9LbVHz/Uk37NbjB5R++LNwV6qqASGcz17t/qZtGA=",
        "owner": "LiGoldragon",
        "repo": "meta-signal-spirit",
        "rev": "c0b4b44335f71c035fa1ceff44c5160da656b4fa",
        "type": "github"
      },
      "original": {
        "owner": "LiGoldragon",
        "repo": "meta-signal-spirit",
        "rev": "c0b4b44335f71c035fa1ceff44c5160da656b4fa",
        "type": "github"
      }
    },
    "mirror-source": {
      "flake": false,
      "locked": {
        "lastModified": 1783442499,
        "narHash": "sha256-f+6vXQGH4F53Nd+ZiAVGW/zKx9ochYxWE5s8/UMb4aM=",
        "owner": "LiGoldragon",
        "repo": "mirror",
        "rev": "b1da05c31ec89ffc2e415d9902464a9f7a2361e4",
        "type": "github"
      },
      "original": {
        "owner": "LiGoldragon",
        "repo": "mirror",
        "type": "github"
      }
    },
    "nixpkgs": {
      "locked": {
        "lastModified": 1779694939,
        "narHash": "sha256-Ly4j75O8ICaSQx3uxPnwk2x7PMF0XQvn5r0c3yBA7FI=",
        "owner": "NixOS",
        "repo": "nixpkgs",
        "rev": "f9d8b65950353691ab56561e7c73d2e1063d810b",
        "type": "github"
      },
      "original": {
        "owner": "NixOS",
        "ref": "nixpkgs-unstable",
        "repo": "nixpkgs",
        "type": "github"
      }
    },
    "nota-source": {
      "flake": false,
      "locked": {
        "lastModified": 1783443857,
        "narHash": "sha256-ZvvGRnrQ639uSDkGUeS+UgbEbApec0MX9I2dZoA22Kk=",
        "owner": "LiGoldragon",
        "repo": "nota",
        "rev": "d25c08a87b897f2eac28621fb6c3d25801cdccfc",
        "type": "github"
      },
      "original": {
        "owner": "LiGoldragon",
        "repo": "nota",
        "type": "github"
      }
    },
    "nota-text-query-source": {
      "flake": false,
      "locked": {
        "lastModified": 1783351457,
        "narHash": "sha256-V7cw3bFmHGlT47aW/h9z79o9YaHS2fhLH2x+P1mFW7I=",
        "owner": "LiGoldragon",
        "repo": "nota-text-query",
        "rev": "6140a3e9afe3f81c18a39cb0a11dec4eab68b561",
        "type": "github"
      },
      "original": {
        "owner": "LiGoldragon",
        "repo": "nota-text-query",
        "type": "github"
      }
    },
    "root": {
      "inputs": {
        "agent-source": "agent-source",
        "criome-source": "criome-source",
        "flake-utils": "flake-utils",
        "kameo-source": "kameo-source",
        "meta-signal-agent-source": "meta-signal-agent-source",
        "meta-signal-criome-source": "meta-signal-criome-source",
        "meta-signal-mirror-source": "meta-signal-mirror-source",
        "meta-signal-router-source": "meta-signal-router-source",
        "meta-signal-spirit-source": "meta-signal-spirit-source",
        "mirror-source": "mirror-source",
        "nixpkgs": "nixpkgs",
        "nota-source": "nota-source",
        "nota-text-query-source": "nota-text-query-source",
        "router-source": "router-source",
        "rust-build": "rust-build",
        "schema-language-source": "schema-language-source",
        "schema-rust-legacy-source": "schema-rust-legacy-source",
        "schema-rust-source": "schema-rust-source",
        "schema-source": "schema-source",
        "sema-engine-layout3-source": "sema-engine-layout3-source",
        "sema-engine-previous-source": "sema-engine-previous-source",
        "sema-engine-source": "sema-engine-source",
        "sema-source": "sema-source",
        "signal-agent-source": "signal-agent-source",
        "signal-criome-source": "signal-criome-source",
        "signal-domain-source": "signal-domain-source",
        "signal-frame-source": "signal-frame-source",
        "signal-harness-source": "signal-harness-source",
        "signal-introspect-source": "signal-introspect-source",
        "signal-message-source": "signal-message-source",
        "signal-mind-source": "signal-mind-source",
        "signal-mirror-source": "signal-mirror-source",
        "signal-persona-source": "signal-persona-source",
        "signal-router-source": "signal-router-source",
        "signal-sema-source": "signal-sema-source",
        "signal-spirit-source": "signal-spirit-source",
        "signal-standard-source": "signal-standard-source",
        "triad-runtime-source": "triad-runtime-source",
        "version-projection-source": "version-projection-source"
      }
    },
    "router-source": {
      "flake": false,
      "locked": {
        "lastModified": 1783356256,
        "narHash": "sha256-PAYbNRlPfYtHxIFkQ6vL/10DwjS8xK4H1HXh2J3j/Qc=",
        "owner": "LiGoldragon",
        "repo": "router",
        "rev": "f1b108009ff2a9c60c74a4a0a85fdae52b7df07c",
        "type": "github"
      },
      "original": {
        "owner": "LiGoldragon",
        "repo": "router",
        "type": "github"
      }
    },
    "rust-analyzer-src": {
      "flake": false,
      "locked": {
        "lastModified": 1781714865,
        "narHash": "sha256-NIhErKpfs4EUx8N4x8yNYG8/vTzKv9cQn5QmuQI83jM=",
        "owner": "rust-lang",
        "repo": "rust-analyzer",
        "rev": "abb1301c3c14a40645bb2588b1cc858fe374b527",
        "type": "github"
      },
      "original": {
        "owner": "rust-lang",
        "ref": "nightly",
        "repo": "rust-analyzer",
        "type": "github"
      }
    },
    "rust-build": {
      "inputs": {
        "crane": "crane",
        "fenix": "fenix",
        "flake-utils": "flake-utils_2",
        "nixpkgs": [
          "nixpkgs"
        ]
      },
      "locked": {
        "lastModified": 1781903243,
        "narHash": "sha256-QTLu7a0z7fnVwt4SUyTgUKnYEcUiQCtTDRGaXv4p3H4=",
        "owner": "LiGoldragon",
        "repo": "rust-build",
        "rev": "56d18735f2034d192f63d13d2701202fd2e18cf3",
        "type": "github"
      },
      "original": {
        "owner": "LiGoldragon",
        "repo": "rust-build",
        "type": "github"
      }
    },
    "schema-language-source": {
      "flake": false,
      "locked": {
        "lastModified": 1783529829,
        "narHash": "sha256-eXcSTJO0j2xjo/XjMIePgv/oLb9IePQCCb9NSiMGiEE=",
        "owner": "LiGoldragon",
        "repo": "schema-language",
        "rev": "0ee452a42b0c41c00455411a55d45afecbef910a",
        "type": "github"
      },
      "original": {
        "owner": "LiGoldragon",
        "repo": "schema-language",
        "rev": "0ee452a42b0c41c00455411a55d45afecbef910a",
        "type": "github"
      }
    },
    "schema-rust-legacy-source": {
      "flake": false,
      "locked": {
        "lastModified": 1783361655,
        "narHash": "sha256-M6DF5Ngx6OXRw19yHNuvbs23Jc6OnYZ63F8pphKmDGA=",
        "owner": "LiGoldragon",
        "repo": "schema-rust",
        "rev": "a4b46ffffe5307eca3e1537539d0a70884955b4c",
        "type": "github"
      },
      "original": {
        "owner": "LiGoldragon",
        "repo": "schema-rust",
        "rev": "a4b46ffffe5307eca3e1537539d0a70884955b4c",
        "type": "github"
      }
    },
    "schema-rust-source": {
      "flake": false,
      "locked": {
        "lastModified": 1783537265,
        "narHash": "sha256-mzg8upNlDSxuVra/vWa6ztCccGnPNVLFMXAH1TBdHJw=",
        "owner": "LiGoldragon",
        "repo": "schema-rust",
        "rev": "6434c006672307565c991c7e476a6c75da59755f",
        "type": "github"
      },
      "original": {
        "owner": "LiGoldragon",
        "repo": "schema-rust",
        "rev": "6434c006672307565c991c7e476a6c75da59755f",
        "type": "github"
      }
    },
    "schema-source": {
      "flake": false,
      "locked": {
        "lastModified": 1783361316,
        "narHash": "sha256-mBRGdHiSGp8/3n1+I+N6IfGUVV0YEGaag1S7T2HefIg=",
        "owner": "LiGoldragon",
        "repo": "schema",
        "rev": "92bed64ad644ce4caa2827398ada5b7b79221165",
        "type": "github"
      },
      "original": {
        "owner": "LiGoldragon",
        "repo": "schema",
        "type": "github"
      }
    },
    "sema-engine-layout3-source": {
      "flake": false,
      "locked": {
        "lastModified": 1781293993,
        "narHash": "sha256-XSNblN9X6bbXw38dIMl7TzZ/U7PGGW+WfK/oY+XiWig=",
        "owner": "LiGoldragon",
        "repo": "sema-engine",
        "rev": "dbe29427d9a2c6c194909385485ad42b008048b8",
        "type": "github"
      },
      "original": {
        "owner": "LiGoldragon",
        "repo": "sema-engine",
        "rev": "dbe29427d9a2c6c194909385485ad42b008048b8",
        "type": "github"
      }
    },
    "sema-engine-previous-source": {
      "flake": false,
      "locked": {
        "lastModified": 1780882016,
        "narHash": "sha256-pwputlTmijhSOc761UopW+OUs/P86ybIk1O/L97sM+E=",
        "owner": "LiGoldragon",
        "repo": "sema-engine",
        "rev": "ebee6e44ba6ee4afcb26998007bcfd128641b54c",
        "type": "github"
      },
      "original": {
        "owner": "LiGoldragon",
        "repo": "sema-engine",
        "rev": "ebee6e44ba6ee4afcb26998007bcfd128641b54c",
        "type": "github"
      }
    },
    "sema-engine-source": {
      "flake": false,
      "locked": {
        "lastModified": 1783434847,
        "narHash": "sha256-IQZxUamC/bJ94k5obsTVnuqJujlvjEyezUOQ/9p1dHY=",
        "owner": "LiGoldragon",
        "repo": "sema-engine",
        "rev": "7cfcece5c6625ee500bfa9853e8f4f6a47944c01",
        "type": "github"
      },
      "original": {
        "owner": "LiGoldragon",
        "repo": "sema-engine",
        "type": "github"
      }
    },
    "sema-source": {
      "flake": false,
      "locked": {
        "lastModified": 1782909383,
        "narHash": "sha256-r7uNxWzP4g6BtFjW8S8pzwEDWus9bzc1QENqTXs/dwU=",
        "owner": "LiGoldragon",
        "repo": "sema",
        "rev": "3549a50c72544d3faf7ba38ade3cea07727fea2b",
        "type": "github"
      },
      "original": {
        "owner": "LiGoldragon",
        "repo": "sema",
        "type": "github"
      }
    },
    "signal-agent-source": {
      "flake": false,
      "locked": {
        "lastModified": 1783377736,
        "narHash": "sha256-i0/IsLD8BZ9XKfdJLqv9K1keiAZZVznHQJPqPHRknyE=",
        "owner": "LiGoldragon",
        "repo": "signal-agent",
        "rev": "f6e761cf02cbf125177d3374cb653204afb89f35",
        "type": "github"
      },
      "original": {
        "owner": "LiGoldragon",
        "repo": "signal-agent",
        "type": "github"
      }
    },
    "signal-criome-source": {
      "flake": false,
      "locked": {
        "lastModified": 1783437423,
        "narHash": "sha256-5Vf9rhEAYMyXXlG1LZlpsVN9zccGzicFgOYlwxhyNsk=",
        "owner": "LiGoldragon",
        "repo": "signal-criome",
        "rev": "5998cf27e6fd10b37f58bd7fba1d2e1bd9d4eaff",
        "type": "github"
      },
      "original": {
        "ref": "main",
        "type": "git",
        "url": "https://github.com/LiGoldragon/signal-criome.git"
      }
    },
    "signal-domain-source": {
      "flake": false,
      "locked": {
        "lastModified": 1783538097,
        "narHash": "sha256-A6h+/G/muU8o3HZ2pfObDKsUNo2nywP1H1xQkLubX1M=",
        "owner": "LiGoldragon",
        "repo": "signal-domain",
        "rev": "36ba3904eaeb71a3e274219c5f3916c3c8e716cc",
        "type": "github"
      },
      "original": {
        "owner": "LiGoldragon",
        "repo": "signal-domain",
        "rev": "36ba3904eaeb71a3e274219c5f3916c3c8e716cc",
        "type": "github"
      }
    },
    "signal-frame-source": {
      "flake": false,
      "locked": {
        "lastModified": 1783441628,
        "narHash": "sha256-KaB9kjJigHhVPe3zGQWaliszkzgN4u8cv8xiCecIeBw=",
        "ref": "main",
        "rev": "fd7909d1497b7bb18751521387a1087cd9e7c91c",
        "revCount": 74,
        "type": "git",
        "url": "https://github.com/LiGoldragon/signal-frame.git"
      },
      "original": {
        "ref": "main",
        "type": "git",
        "url": "https://github.com/LiGoldragon/signal-frame.git"
      }
    },
    "signal-harness-source": {
      "flake": false,
      "locked": {
        "lastModified": 1783244895,
        "narHash": "sha256-gUeRFgH4+fd4rGcPUOG54GaqdArWNwB2OFI6C6brtCU=",
        "owner": "LiGoldragon",
        "repo": "signal-harness",
        "rev": "3559f12ce13f21f1d616308fb931e31b849c0409",
        "type": "github"
      },
      "original": {
        "owner": "LiGoldragon",
        "repo": "signal-harness",
        "type": "github"
      }
    },
    "signal-introspect-source": {
      "flake": false,
      "locked": {
        "lastModified": 1783244897,
        "narHash": "sha256-UzYn9v/+2V7dBgIOibHWeGRizpw2XNOKBdLX9N7D0kM=",
        "owner": "LiGoldragon",
        "repo": "signal-introspect",
        "rev": "fafaa15dab0fe3681a61d5c5472f6f8205b1336b",
        "type": "github"
      },
      "original": {
        "owner": "LiGoldragon",
        "repo": "signal-introspect",
        "type": "github"
      }
    },
    "signal-message-source": {
      "flake": false,
      "locked": {
        "lastModified": 1783244907,
        "narHash": "sha256-FtdyZTYScVYEG0/qpaA7YxruT4Ob1zpKU/6mBBYUo4c=",
        "owner": "LiGoldragon",
        "repo": "signal-message",
        "rev": "0e92d3f2245387c23e166b09d2691b8146140796",
        "type": "github"
      },
      "original": {
        "owner": "LiGoldragon",
        "repo": "signal-message",
        "type": "github"
      }
    },
    "signal-mind-source": {
      "flake": false,
      "locked": {
        "lastModified": 1783287066,
        "narHash": "sha256-r924dqL/t98OWEJQpUcuzFcUtgrCwPpl4XLNsrrltoY=",
        "owner": "LiGoldragon",
        "repo": "signal-mind",
        "rev": "b8174d846158f2af97186b31a65f3e9b5f557e71",
        "type": "github"
      },
      "original": {
        "owner": "LiGoldragon",
        "repo": "signal-mind",
        "type": "github"
      }
    },
    "signal-mirror-source": {
      "flake": false,
      "locked": {
        "lastModified": 1783408913,
        "narHash": "sha256-oJIXEzfSyy2C/YRj3qC5NHC2vyKa/rpSdbIbB++fJgI=",
        "owner": "LiGoldragon",
        "repo": "signal-mirror",
        "rev": "ea76c70c7438ee60d5a58b5498df1e7825679242",
        "type": "github"
      },
      "original": {
        "owner": "LiGoldragon",
        "repo": "signal-mirror",
        "type": "github"
      }
    },
    "signal-persona-source": {
      "flake": false,
      "locked": {
        "lastModified": 1783244916,
        "narHash": "sha256-umaJEzUVg4suEuB1nd7AQh7CGK+qbSQB3qKbGNSzH3Y=",
        "owner": "LiGoldragon",
        "repo": "signal-persona",
        "rev": "2babf1314e2898d7bdbe75124e00f9129cfb8d43",
        "type": "github"
      },
      "original": {
        "owner": "LiGoldragon",
        "repo": "signal-persona",
        "type": "github"
      }
    },
    "signal-router-source": {
      "flake": false,
      "locked": {
        "lastModified": 1783437827,
        "narHash": "sha256-nFaGfA2MSNpmIIOBySFUxDWP+OM6o38BMMjbsl5AHVE=",
        "owner": "LiGoldragon",
        "repo": "signal-router",
        "rev": "74909bd92a9d4e0a87f6e4da097ead67116e2e43",
        "type": "github"
      },
      "original": {
        "owner": "LiGoldragon",
        "repo": "signal-router",
        "type": "github"
      }
    },
    "signal-sema-source": {
      "flake": false,
      "locked": {
        "lastModified": 1783092342,
        "narHash": "sha256-1GJJciC2yQKtioz3b+UJbLc7h2xSHnhusrieBC6VrRo=",
        "owner": "LiGoldragon",
        "repo": "signal-sema",
        "rev": "cf95702f489e37fbc5a603cd58c2372672db8ddf",
        "type": "github"
      },
      "original": {
        "owner": "LiGoldragon",
        "repo": "signal-sema",
        "type": "github"
      }
    },
    "signal-spirit-source": {
      "flake": false,
      "locked": {
        "lastModified": 1783539175,
        "narHash": "sha256-Su2/UUUinQbZYhlKxEDutnalkWFp2t83i/EnUlUX3oU=",
        "owner": "LiGoldragon",
        "repo": "signal-spirit",
        "rev": "43bc1c1e0ba0b5bf9fa125df3469a8724fa2fd61",
        "type": "github"
      },
      "original": {
        "owner": "LiGoldragon",
        "repo": "signal-spirit",
        "rev": "43bc1c1e0ba0b5bf9fa125df3469a8724fa2fd61",
        "type": "github"
      }
    },
    "signal-standard-source": {
      "flake": false,
      "locked": {
        "lastModified": 1783244925,
        "narHash": "sha256-59Gqt3LCUpWsQHhvSEIUegylcdbql939DuJ4y9NK6Y0=",
        "owner": "LiGoldragon",
        "repo": "signal-standard",
        "rev": "a2fcdb9db2101853f8ffac8cdb34692540deeb62",
        "type": "github"
      },
      "original": {
        "owner": "LiGoldragon",
        "repo": "signal-standard",
        "type": "github"
      }
    },
    "systems": {
      "locked": {
        "lastModified": 1681028828,
        "narHash": "sha256-Vy1rq5AaRuLzOxct8nz4T6wlgyUR7zLU309k9mBC768=",
        "owner": "nix-systems",
        "repo": "default",
        "rev": "da67096a3b9bf56a91d16901293e51ba5b49a27e",
        "type": "github"
      },
      "original": {
        "owner": "nix-systems",
        "repo": "default",
        "type": "github"
      }
    },
    "systems_2": {
      "locked": {
        "lastModified": 1681028828,
        "narHash": "sha256-Vy1rq5AaRuLzOxct8nz4T6wlgyUR7zLU309k9mBC768=",
        "owner": "nix-systems",
        "repo": "default",
        "rev": "da67096a3b9bf56a91d16901293e51ba5b49a27e",
        "type": "github"
      },
      "original": {
        "owner": "nix-systems",
        "repo": "default",
        "type": "github"
      }
    },
    "triad-runtime-source": {
      "flake": false,
      "locked": {
        "lastModified": 1783441007,
        "narHash": "sha256-uZ0pLbFOV6S1sBjTLQcGYQ1PdZ0ufRM0vOlYHJi2/HQ=",
        "ref": "main",
        "rev": "895d2e6b9023b2d901fe1ab20e6f8f431c6113b7",
        "revCount": 53,
        "type": "git",
        "url": "https://github.com/LiGoldragon/triad-runtime.git"
      },
      "original": {
        "ref": "main",
        "type": "git",
        "url": "https://github.com/LiGoldragon/triad-runtime.git"
      }
    },
    "version-projection-source": {
      "flake": false,
      "locked": {
        "lastModified": 1783090992,
        "narHash": "sha256-ooYrjUCzhnV6jIplHQAkmVQ/QY7VQpJqOykJW4UP3f8=",
        "owner": "LiGoldragon",
        "repo": "version-projection",
        "rev": "f401ce1535afaaa1724ff181a177d1535606d336",
        "type": "github"
      },
      "original": {
        "owner": "LiGoldragon",
        "repo": "version-projection",
        "type": "github"
      }
    }
  },
  "root": "root",
  "version": 7
}
