{
  "nodes": {
    "crane": {
      "locked": {
        "lastModified": 1779130139,
        "narHash": "sha256-BLrtr42azquO7MdGFU5a7KiMl3YpFlTeIXqy1fT5GlQ=",
        "owner": "ipetkov",
        "repo": "crane",
        "rev": "edb38893982a3338972bb4a2ec7ce7c29ba10fd9",
        "type": "github"
      },
      "original": {
        "owner": "ipetkov",
        "repo": "crane",
        "type": "github"
      }
    },
    "fenix": {
      "inputs": {
        "nixpkgs": [
          "nixpkgs"
        ],
        "rust-analyzer-src": "rust-analyzer-src"
      },
      "locked": {
        "lastModified": 1779790483,
        "narHash": "sha256-2wCMtmVmkCcyHaH6hkrbx7XdUgLYP5E1wl/jc1YxxTY=",
        "owner": "nix-community",
        "repo": "fenix",
        "rev": "6012e5463531342033571efe294ec880bf13dd95",
        "type": "github"
      },
      "original": {
        "owner": "nix-community",
        "repo": "fenix",
        "type": "github"
      }
    },
    "flake-utils": {
      "inputs": {
        "systems": "systems"
      },
      "locked": {
        "lastModified": 1731533236,
        "narHash": "sha256-l0KFg5HjrsfsO/JpG+r7fRrqm12kzFHyUHqHCVpMMbI=",
        "owner": "numtide",
        "repo": "flake-utils",
        "rev": "11707dc2f618dd54ca8739b309ec4fc024de578b",
        "type": "github"
      },
      "original": {
        "owner": "numtide",
        "repo": "flake-utils",
        "type": "github"
      }
    },
    "nixpkgs": {
      "locked": {
        "lastModified": 1779694939,
        "narHash": "sha256-Ly4j75O8ICaSQx3uxPnwk2x7PMF0XQvn5r0c3yBA7FI=",
        "owner": "NixOS",
        "repo": "nixpkgs",
        "rev": "f9d8b65950353691ab56561e7c73d2e1063d810b",
        "type": "github"
      },
      "original": {
        "owner": "NixOS",
        "ref": "nixpkgs-unstable",
        "repo": "nixpkgs",
        "type": "github"
      }
    },
    "nota-next-source": {
      "flake": false,
      "locked": {
        "lastModified": 1780227480,
        "narHash": "sha256-LmJCUgOKw4xBSoj5hZZEepWVT25heA1woFcqV0rK/Cs=",
        "owner": "LiGoldragon",
        "repo": "nota-next",
        "rev": "3f46c2e94a4d498d718ba3784a0363b7142e2d94",
        "type": "github"
      },
      "original": {
        "owner": "LiGoldragon",
        "repo": "nota-next",
        "type": "github"
      }
    },
    "root": {
      "inputs": {
        "crane": "crane",
        "fenix": "fenix",
        "flake-utils": "flake-utils",
        "nixpkgs": "nixpkgs",
        "nota-next-source": "nota-next-source",
        "schema-next-source": "schema-next-source",
        "schema-rust-next-source": "schema-rust-next-source"
      }
    },
    "rust-analyzer-src": {
      "flake": false,
      "locked": {
        "lastModified": 1779742949,
        "narHash": "sha256-Dk0hnFTXbmNmigsJyQkCz2NEEgtpe+MN500dPnki9Ic=",
        "owner": "rust-lang",
        "repo": "rust-analyzer",
        "rev": "462d95ca60fa7360b44258be94105bc20e203684",
        "type": "github"
      },
      "original": {
        "owner": "rust-lang",
        "ref": "nightly",
        "repo": "rust-analyzer",
        "type": "github"
      }
    },
    "schema-next-source": {
      "flake": false,
      "locked": {
        "lastModified": 1780227725,
        "narHash": "sha256-64jfc6UDODOtYjNh56RGll7RsCXblcolNjCnNnZuDXo=",
        "owner": "LiGoldragon",
        "repo": "schema-next",
        "rev": "fe770d1d1e805eebb0608c443c24df18817baaa7",
        "type": "github"
      },
      "original": {
        "owner": "LiGoldragon",
        "repo": "schema-next",
        "type": "github"
      }
    },
    "schema-rust-next-source": {
      "flake": false,
      "locked": {
        "lastModified": 1780232840,
        "narHash": "sha256-xAGaTbdyd2CQBdRvRvVBjyHLwso6tghXhQ+itD7+/Qc=",
        "owner": "LiGoldragon",
        "repo": "schema-rust-next",
        "rev": "8779ddcd082fa0cb3844573c263cf01a139986e1",
        "type": "github"
      },
      "original": {
        "owner": "LiGoldragon",
        "repo": "schema-rust-next",
        "type": "github"
      }
    },
    "systems": {
      "locked": {
        "lastModified": 1681028828,
        "narHash": "sha256-Vy1rq5AaRuLzOxct8nz4T6wlgyUR7zLU309k9mBC768=",
        "owner": "nix-systems",
        "repo": "default",
        "rev": "da67096a3b9bf56a91d16901293e51ba5b49a27e",
        "type": "github"
      },
      "original": {
        "owner": "nix-systems",
        "repo": "default",
        "type": "github"
      }
    }
  },
  "root": "root",
  "version": 7
}
